// !$*UTF8*$!
{
	archiveVersion = 1;
	classes = {
	};
	objectVersion = 46;
	objects = {

/* Begin PBXBuildFile section */
		2941DF1A195CF72D004BFEAE /* JYCadastroViewController.m in Sources */ = {isa = PBXBuildFile; fileRef = 2941DF19195CF72D004BFEAE /* JYCadastroViewController.m */; };
		29A7D5FF195BBC6C00C3FA40 /* Foundation.framework in Frameworks */ = {isa = PBXBuildFile; fileRef = 29A7D5FE195BBC6C00C3FA40 /* Foundation.framework */; };
		29A7D601195BBC6C00C3FA40 /* CoreGraphics.framework in Frameworks */ = {isa = PBXBuildFile; fileRef = 29A7D600195BBC6C00C3FA40 /* CoreGraphics.framework */; };
		29A7D603195BBC6C00C3FA40 /* UIKit.framework in Frameworks */ = {isa = PBXBuildFile; fileRef = 29A7D602195BBC6C00C3FA40 /* UIKit.framework */; };
		29A7D609195BBC6C00C3FA40 /* InfoPlist.strings in Resources */ = {isa = PBXBuildFile; fileRef = 29A7D607195BBC6C00C3FA40 /* InfoPlist.strings */; };
		29A7D60B195BBC6C00C3FA40 /* main.m in Sources */ = {isa = PBXBuildFile; fileRef = 29A7D60A195BBC6C00C3FA40 /* main.m */; };
		29A7D60F195BBC6C00C3FA40 /* JYAppDelegate.m in Sources */ = {isa = PBXBuildFile; fileRef = 29A7D60E195BBC6C00C3FA40 /* JYAppDelegate.m */; };
		29A7D612195BBC6C00C3FA40 /* Main_iPhone.storyboard in Resources */ = {isa = PBXBuildFile; fileRef = 29A7D610195BBC6C00C3FA40 /* Main_iPhone.storyboard */; };
		29A7D615195BBC6C00C3FA40 /* Main_iPad.storyboard in Resources */ = {isa = PBXBuildFile; fileRef = 29A7D613195BBC6C00C3FA40 /* Main_iPad.storyboard */; };
		29A7D618195BBC6C00C3FA40 /* JYViewController.m in Sources */ = {isa = PBXBuildFile; fileRef = 29A7D617195BBC6C00C3FA40 /* JYViewController.m */; };
		29A7D61A195BBC6C00C3FA40 /* Images.xcassets in Resources */ = {isa = PBXBuildFile; fileRef = 29A7D619195BBC6C00C3FA40 /* Images.xcassets */; };
		29A7D621195BBC6C00C3FA40 /* XCTest.framework in Frameworks */ = {isa = PBXBuildFile; fileRef = 29A7D620195BBC6C00C3FA40 /* XCTest.framework */; };
		29A7D622195BBC6C00C3FA40 /* Foundation.framework in Frameworks */ = {isa = PBXBuildFile; fileRef = 29A7D5FE195BBC6C00C3FA40 /* Foundation.framework */; };
		29A7D623195BBC6C00C3FA40 /* UIKit.framework in Frameworks */ = {isa = PBXBuildFile; fileRef = 29A7D602195BBC6C00C3FA40 /* UIKit.framework */; };
		29A7D62B195BBC6C00C3FA40 /* InfoPlist.strings in Resources */ = {isa = PBXBuildFile; fileRef = 29A7D629195BBC6C00C3FA40 /* InfoPlist.strings */; };
		29A7D62D195BBC6C00C3FA40 /* IEJBTests.m in Sources */ = {isa = PBXBuildFile; fileRef = 29A7D62C195BBC6C00C3FA40 /* IEJBTests.m */; };
		29A7D63B195BD07200C3FA40 /* homens_iejb.jpg in Resources */ = {isa = PBXBuildFile; fileRef = 29A7D63A195BD07200C3FA40 /* homens_iejb.jpg */; };
		FB43ACCE195BC8B300C2121D /* libsqlite3.dylib in Frameworks */ = {isa = PBXBuildFile; fileRef = FB43ACCD195BC8B300C2121D /* libsqlite3.dylib */; };
		FB43ACD4195BC90000C2121D /* .gitignore in Resources */ = {isa = PBXBuildFile; fileRef = FB43ACD0195BC90000C2121D /* .gitignore */; };
		FB43ACD5195BC90000C2121D /* README.markdown in Resources */ = {isa = PBXBuildFile; fileRef = FB43ACD1195BC90000C2121D /* README.markdown */; };
		FB43ACD6195BC90000C2121D /* SCSQLite.m in Sources */ = {isa = PBXBuildFile; fileRef = FB43ACD3195BC90000C2121D /* SCSQLite.m */; };
		FB43ACDE195BCA3E00C2121D /* LoginDAO.m in Sources */ = {isa = PBXBuildFile; fileRef = FB43ACDD195BCA3E00C2121D /* LoginDAO.m */; };
/* End PBXBuildFile section */

/* Begin PBXContainerItemProxy section */
		29A7D624195BBC6C00C3FA40 /* PBXContainerItemProxy */ = {
			isa = PBXContainerItemProxy;
			containerPortal = 29A7D5F3195BBC6B00C3FA40 /* Project object */;
			proxyType = 1;
			remoteGlobalIDString = 29A7D5FA195BBC6C00C3FA40;
			remoteInfo = IEJB;
		};
/* End PBXContainerItemProxy section */

/* Begin PBXFileReference section */
		2941DF18195CF72D004BFEAE /* JYCadastroViewController.h */ = {isa = PBXFileReference; fileEncoding = 4; lastKnownFileType = sourcecode.c.h; path = JYCadastroViewController.h; sourceTree = "<group>"; };
		2941DF19195CF72D004BFEAE /* JYCadastroViewController.m */ = {isa = PBXFileReference; fileEncoding = 4; lastKnownFileType = sourcecode.c.objc; path = JYCadastroViewController.m; sourceTree = "<group>"; };
		29A7D5FB195BBC6C00C3FA40 /* IEJB.app */ = {isa = PBXFileReference; explicitFileType = wrapper.application; includeInIndex = 0; path = IEJB.app; sourceTree = BUILT_PRODUCTS_DIR; };
		29A7D5FE195BBC6C00C3FA40 /* Foundation.framework */ = {isa = PBXFileReference; lastKnownFileType = wrapper.framework; name = Foundation.framework; path = System/Library/Frameworks/Foundation.framework; sourceTree = SDKROOT; };
		29A7D600195BBC6C00C3FA40 /* CoreGraphics.framework */ = {isa = PBXFileReference; lastKnownFileType = wrapper.framework; name = CoreGraphics.framework; path = System/Library/Frameworks/CoreGraphics.framework; sourceTree = SDKROOT; };
		29A7D602195BBC6C00C3FA40 /* UIKit.framework */ = {isa = PBXFileReference; lastKnownFileType = wrapper.framework; name = UIKit.framework; path = System/Library/Frameworks/UIKit.framework; sourceTree = SDKROOT; };
		29A7D606195BBC6C00C3FA40 /* IEJB-Info.plist */ = {isa = PBXFileReference; lastKnownFileType = text.plist.xml; path = "IEJB-Info.plist"; sourceTree = "<group>"; };
		29A7D608195BBC6C00C3FA40 /* en */ = {isa = PBXFileReference; lastKnownFileType = text.plist.strings; name = en; path = en.lproj/InfoPlist.strings; sourceTree = "<group>"; };
		29A7D60A195BBC6C00C3FA40 /* main.m */ = {isa = PBXFileReference; lastKnownFileType = sourcecode.c.objc; path = main.m; sourceTree = "<group>"; };
		29A7D60C195BBC6C00C3FA40 /* IEJB-Prefix.pch */ = {isa = PBXFileReference; lastKnownFileType = sourcecode.c.h; path = "IEJB-Prefix.pch"; sourceTree = "<group>"; };
		29A7D60D195BBC6C00C3FA40 /* JYAppDelegate.h */ = {isa = PBXFileReference; lastKnownFileType = sourcecode.c.h; path = JYAppDelegate.h; sourceTree = "<group>"; };
		29A7D60E195BBC6C00C3FA40 /* JYAppDelegate.m */ = {isa = PBXFileReference; lastKnownFileType = sourcecode.c.objc; path = JYAppDelegate.m; sourceTree = "<group>"; };
		29A7D611195BBC6C00C3FA40 /* Base */ = {isa = PBXFileReference; lastKnownFileType = file.storyboard; name = Base; path = Base.lproj/Main_iPhone.storyboard; sourceTree = "<group>"; };
		29A7D614195BBC6C00C3FA40 /* Base */ = {isa = PBXFileReference; lastKnownFileType = file.storyboard; name = Base; path = Base.lproj/Main_iPad.storyboard; sourceTree = "<group>"; };
		29A7D616195BBC6C00C3FA40 /* JYViewController.h */ = {isa = PBXFileReference; lastKnownFileType = sourcecode.c.h; path = JYViewController.h; sourceTree = "<group>"; };
		29A7D617195BBC6C00C3FA40 /* JYViewController.m */ = {isa = PBXFileReference; lastKnownFileType = sourcecode.c.objc; path = JYViewController.m; sourceTree = "<group>"; };
		29A7D619195BBC6C00C3FA40 /* Images.xcassets */ = {isa = PBXFileReference; lastKnownFileType = folder.assetcatalog; path = Images.xcassets; sourceTree = "<group>"; };
		29A7D61F195BBC6C00C3FA40 /* IEJBTests.xctest */ = {isa = PBXFileReference; explicitFileType = wrapper.cfbundle; includeInIndex = 0; path = IEJBTests.xctest; sourceTree = BUILT_PRODUCTS_DIR; };
		29A7D620195BBC6C00C3FA40 /* XCTest.framework */ = {isa = PBXFileReference; lastKnownFileType = wrapper.framework; name = XCTest.framework; path = Library/Frameworks/XCTest.framework; sourceTree = DEVELOPER_DIR; };
		29A7D628195BBC6C00C3FA40 /* IEJBTests-Info.plist */ = {isa = PBXFileReference; lastKnownFileType = text.plist.xml; path = "IEJBTests-Info.plist"; sourceTree = "<group>"; };
		29A7D62A195BBC6C00C3FA40 /* en */ = {isa = PBXFileReference; lastKnownFileType = text.plist.strings; name = en; path = en.lproj/InfoPlist.strings; sourceTree = "<group>"; };
		29A7D62C195BBC6C00C3FA40 /* IEJBTests.m */ = {isa = PBXFileReference; lastKnownFileType = sourcecode.c.objc; path = IEJBTests.m; sourceTree = "<group>"; };
		29A7D63A195BD07200C3FA40 /* homens_iejb.jpg */ = {isa = PBXFileReference; lastKnownFileType = image.jpeg; path = homens_iejb.jpg; sourceTree = "<group>"; };
		FB43ACCD195BC8B300C2121D /* libsqlite3.dylib */ = {isa = PBXFileReference; lastKnownFileType = "compiled.mach-o.dylib"; name = libsqlite3.dylib; path = usr/lib/libsqlite3.dylib; sourceTree = SDKROOT; };
		FB43ACD0195BC90000C2121D /* .gitignore */ = {isa = PBXFileReference; fileEncoding = 4; lastKnownFileType = text; path = .gitignore; sourceTree = "<group>"; };
		FB43ACD1195BC90000C2121D /* README.markdown */ = {isa = PBXFileReference; fileEncoding = 4; lastKnownFileType = text; path = README.markdown; sourceTree = "<group>"; };
		FB43ACD2195BC90000C2121D /* SCSQLite.h */ = {isa = PBXFileReference; fileEncoding = 4; lastKnownFileType = sourcecode.c.h; path = SCSQLite.h; sourceTree = "<group>"; };
		FB43ACD3195BC90000C2121D /* SCSQLite.m */ = {isa = PBXFileReference; fileEncoding = 4; lastKnownFileType = sourcecode.c.objc; path = SCSQLite.m; sourceTree = "<group>"; };
		FB43ACD7195BC94000C2121D /* iejb.bd */ = {isa = PBXFileReference; lastKnownFileType = file; path = iejb.bd; sourceTree = "<group>"; };
		FB43ACDC195BCA3E00C2121D /* LoginDAO.h */ = {isa = PBXFileReference; fileEncoding = 4; lastKnownFileType = sourcecode.c.h; path = LoginDAO.h; sourceTree = "<group>"; };
		FB43ACDD195BCA3E00C2121D /* LoginDAO.m */ = {isa = PBXFileReference; fileEncoding = 4; lastKnownFileType = sourcecode.c.objc; path = LoginDAO.m; sourceTree = "<group>"; };
/* End PBXFileReference section */

/* Begin PBXFrameworksBuildPhase section */
		29A7D5F8195BBC6C00C3FA40 /* Frameworks */ = {
			isa = PBXFrameworksBuildPhase;
			buildActionMask = 2147483647;
			files = (
				FB43ACCE195BC8B300C2121D /* libsqlite3.dylib in Frameworks */,
				29A7D601195BBC6C00C3FA40 /* CoreGraphics.framework in Frameworks */,
				29A7D603195BBC6C00C3FA40 /* UIKit.framework in Frameworks */,
				29A7D5FF195BBC6C00C3FA40 /* Foundation.framework in Frameworks */,
			);
			runOnlyForDeploymentPostprocessing = 0;
		};
		29A7D61C195BBC6C00C3FA40 /* Frameworks */ = {
			isa = PBXFrameworksBuildPhase;
			buildActionMask = 2147483647;
			files = (
				29A7D621195BBC6C00C3FA40 /* XCTest.framework in Frameworks */,
				29A7D623195BBC6C00C3FA40 /* UIKit.framework in Frameworks */,
				29A7D622195BBC6C00C3FA40 /* Foundation.framework in Frameworks */,
			);
			runOnlyForDeploymentPostprocessing = 0;
		};
/* End PBXFrameworksBuildPhase section */

/* Begin PBXGroup section */
		2941DF17195CF704004BFEAE /* cadastro */ = {
			isa = PBXGroup;
			children = (
				2941DF18195CF72D004BFEAE /* JYCadastroViewController.h */,
				2941DF19195CF72D004BFEAE /* JYCadastroViewController.m */,
			);
			path = cadastro;
			sourceTree = "<group>";
		};
		29A7D5F2195BBC6B00C3FA40 = {
			isa = PBXGroup;
			children = (
				29A7D604195BBC6C00C3FA40 /* IEJB */,
				29A7D626195BBC6C00C3FA40 /* IEJBTests */,
				29A7D5FD195BBC6C00C3FA40 /* Frameworks */,
				29A7D5FC195BBC6C00C3FA40 /* Products */,
			);
			sourceTree = "<group>";
		};
		29A7D5FC195BBC6C00C3FA40 /* Products */ = {
			isa = PBXGroup;
			children = (
				29A7D5FB195BBC6C00C3FA40 /* IEJB.app */,
				29A7D61F195BBC6C00C3FA40 /* IEJBTests.xctest */,
			);
			name = Products;
			sourceTree = "<group>";
		};
		29A7D5FD195BBC6C00C3FA40 /* Frameworks */ = {
			isa = PBXGroup;
			children = (
				FB43ACCD195BC8B300C2121D /* libsqlite3.dylib */,
				29A7D5FE195BBC6C00C3FA40 /* Foundation.framework */,
				29A7D600195BBC6C00C3FA40 /* CoreGraphics.framework */,
				29A7D602195BBC6C00C3FA40 /* UIKit.framework */,
				29A7D620195BBC6C00C3FA40 /* XCTest.framework */,
			);
			name = Frameworks;
			sourceTree = "<group>";
		};
		29A7D604195BBC6C00C3FA40 /* IEJB */ = {
			isa = PBXGroup;
			children = (
				2941DF17195CF704004BFEAE /* cadastro */,
				29A7D639195BD07200C3FA40 /* imagens */,
				FB43ACD8195BC99800C2121D /* DAO */,
				FB43ACCF195BC90000C2121D /* SCSQLite-master */,
				FB43ACCC195BC17300C2121D /* resources */,
				29A7D60D195BBC6C00C3FA40 /* JYAppDelegate.h */,
				29A7D60E195BBC6C00C3FA40 /* JYAppDelegate.m */,
				29A7D610195BBC6C00C3FA40 /* Main_iPhone.storyboard */,
				29A7D613195BBC6C00C3FA40 /* Main_iPad.storyboard */,
				29A7D616195BBC6C00C3FA40 /* JYViewController.h */,
				29A7D617195BBC6C00C3FA40 /* JYViewController.m */,
				29A7D619195BBC6C00C3FA40 /* Images.xcassets */,
				29A7D605195BBC6C00C3FA40 /* Supporting Files */,
			);
			path = IEJB;
			sourceTree = "<group>";
		};
		29A7D605195BBC6C00C3FA40 /* Supporting Files */ = {
			isa = PBXGroup;
			children = (
				29A7D606195BBC6C00C3FA40 /* IEJB-Info.plist */,
				29A7D607195BBC6C00C3FA40 /* InfoPlist.strings */,
				29A7D60A195BBC6C00C3FA40 /* main.m */,
				29A7D60C195BBC6C00C3FA40 /* IEJB-Prefix.pch */,
			);
			name = "Supporting Files";
			sourceTree = "<group>";
		};
		29A7D626195BBC6C00C3FA40 /* IEJBTests */ = {
			isa = PBXGroup;
			children = (
				29A7D62C195BBC6C00C3FA40 /* IEJBTests.m */,
				29A7D627195BBC6C00C3FA40 /* Supporting Files */,
			);
			path = IEJBTests;
			sourceTree = "<group>";
		};
		29A7D627195BBC6C00C3FA40 /* Supporting Files */ = {
			isa = PBXGroup;
			children = (
				29A7D628195BBC6C00C3FA40 /* IEJBTests-Info.plist */,
				29A7D629195BBC6C00C3FA40 /* InfoPlist.strings */,
			);
			name = "Supporting Files";
			sourceTree = "<group>";
		};
		29A7D639195BD07200C3FA40 /* imagens */ = {
			isa = PBXGroup;
			children = (
				29A7D63A195BD07200C3FA40 /* homens_iejb.jpg */,
			);
			path = imagens;
			sourceTree = "<group>";
		};
		FB43ACCC195BC17300C2121D /* resources */ = {
			isa = PBXGroup;
			children = (
				FB43ACD7195BC94000C2121D /* iejb.bd */,
			);
			name = resources;
			sourceTree = "<group>";
		};
		FB43ACCF195BC90000C2121D /* SCSQLite-master */ = {
			isa = PBXGroup;
			children = (
				FB43ACD0195BC90000C2121D /* .gitignore */,
				FB43ACD1195BC90000C2121D /* README.markdown */,
				FB43ACD2195BC90000C2121D /* SCSQLite.h */,
				FB43ACD3195BC90000C2121D /* SCSQLite.m */,
			);
			path = "SCSQLite-master";
			sourceTree = "<group>";
		};
		FB43ACD8195BC99800C2121D /* DAO */ = {
			isa = PBXGroup;
			children = (
				FB43ACDC195BCA3E00C2121D /* LoginDAO.h */,
				FB43ACDD195BCA3E00C2121D /* LoginDAO.m */,
			);
			name = DAO;
			sourceTree = "<group>";
		};
/* End PBXGroup section */

/* Begin PBXNativeTarget section */
		29A7D5FA195BBC6C00C3FA40 /* IEJB */ = {
			isa = PBXNativeTarget;
			buildConfigurationList = 29A7D630195BBC6C00C3FA40 /* Build configuration list for PBXNativeTarget "IEJB" */;
			buildPhases = (
				29A7D5F7195BBC6C00C3FA40 /* Sources */,
				29A7D5F8195BBC6C00C3FA40 /* Frameworks */,
				29A7D5F9195BBC6C00C3FA40 /* Resources */,
			);
			buildRules = (
			);
			dependencies = (
			);
			name = IEJB;
			productName = IEJB;
			productReference = 29A7D5FB195BBC6C00C3FA40 /* IEJB.app */;
			productType = "com.apple.product-type.application";
		};
		29A7D61E195BBC6C00C3FA40 /* IEJBTests */ = {
			isa = PBXNativeTarget;
			buildConfigurationList = 29A7D633195BBC6C00C3FA40 /* Build configuration list for PBXNativeTarget "IEJBTests" */;
			buildPhases = (
				29A7D61B195BBC6C00C3FA40 /* Sources */,
				29A7D61C195BBC6C00C3FA40 /* Frameworks */,
				29A7D61D195BBC6C00C3FA40 /* Resources */,
			);
			buildRules = (
			);
			dependencies = (
				29A7D625195BBC6C00C3FA40 /* PBXTargetDependency */,
			);
			name = IEJBTests;
			productName = IEJBTests;
			productReference = 29A7D61F195BBC6C00C3FA40 /* IEJBTests.xctest */;
			productType = "com.apple.product-type.bundle.unit-test";
		};
/* End PBXNativeTarget section */

/* Begin PBXProject section */
		29A7D5F3195BBC6B00C3FA40 /* Project object */ = {
			isa = PBXProject;
			attributes = {
				CLASSPREFIX = JY;
				LastUpgradeCheck = 0510;
				ORGANIZATIONNAME = "JY DESENV";
				TargetAttributes = {
					29A7D61E195BBC6C00C3FA40 = {
						TestTargetID = 29A7D5FA195BBC6C00C3FA40;
					};
				};
			};
			buildConfigurationList = 29A7D5F6195BBC6B00C3FA40 /* Build configuration list for PBXProject "IEJB" */;
			compatibilityVersion = "Xcode 3.2";
			developmentRegion = English;
			hasScannedForEncodings = 0;
			knownRegions = (
				en,
				Base,
			);
			mainGroup = 29A7D5F2195BBC6B00C3FA40;
			productRefGroup = 29A7D5FC195BBC6C00C3FA40 /* Products */;
			projectDirPath = "";
			projectRoot = "";
			targets = (
				29A7D5FA195BBC6C00C3FA40 /* IEJB */,
				29A7D61E195BBC6C00C3FA40 /* IEJBTests */,
			);
		};
/* End PBXProject section */

/* Begin PBXResourcesBuildPhase section */
		29A7D5F9195BBC6C00C3FA40 /* Resources */ = {
			isa = PBXResourcesBuildPhase;
			buildActionMask = 2147483647;
			files = (
				FB43ACD4195BC90000C2121D /* .gitignore in Resources */,
				29A7D63B195BD07200C3FA40 /* homens_iejb.jpg in Resources */,
				29A7D615195BBC6C00C3FA40 /* Main_iPad.storyboard in Resources */,
				FB43ACD5195BC90000C2121D /* README.markdown in Resources */,
				29A7D61A195BBC6C00C3FA40 /* Images.xcassets in Resources */,
				29A7D612195BBC6C00C3FA40 /* Main_iPhone.storyboard in Resources */,
				29A7D609195BBC6C00C3FA40 /* InfoPlist.strings in Resources */,
			);
			runOnlyForDeploymentPostprocessing = 0;
		};
		29A7D61D195BBC6C00C3FA40 /* Resources */ = {
			isa = PBXResourcesBuildPhase;
			buildActionMask = 2147483647;
			files = (
				29A7D62B195BBC6C00C3FA40 /* InfoPlist.strings in Resources */,
			);
			runOnlyForDeploymentPostprocessing = 0;
		};
/* End PBXResourcesBuildPhase section */

/* Begin PBXSourcesBuildPhase section */
		29A7D5F7195BBC6C00C3FA40 /* Sources */ = {
			isa = PBXSourcesBuildPhase;
			buildActionMask = 2147483647;
			files = (
				29A7D60B195BBC6C00C3FA40 /* main.m in Sources */,
				FB43ACDE195BCA3E00C2121D /* LoginDAO.m in Sources */,
				FB43ACD6195BC90000C2121D /* SCSQLite.m in Sources */,
				29A7D618195BBC6C00C3FA40 /* JYViewController.m in Sources */,
				2941DF1A195CF72D004BFEAE /* JYCadastroViewController.m in Sources */,
				29A7D60F195BBC6C00C3FA40 /* JYAppDelegate.m in Sources */,
			);
			runOnlyForDeploymentPostprocessing = 0;
		};
		29A7D61B195BBC6C00C3FA40 /* Sources */ = {
			isa = PBXSourcesBuildPhase;
			buildActionMask = 2147483647;
			files = (
				29A7D62D195BBC6C00C3FA40 /* IEJBTests.m in Sources */,
			);
			runOnlyForDeploymentPostprocessing = 0;
		};
/* End PBXSourcesBuildPhase section */

/* Begin PBXTargetDependency section */
		29A7D625195BBC6C00C3FA40 /* PBXTargetDependency */ = {
			isa = PBXTargetDependency;
			target = 29A7D5FA195BBC6C00C3FA40 /* IEJB */;
			targetProxy = 29A7D624195BBC6C00C3FA40 /* PBXContainerItemProxy */;
		};
/* End PBXTargetDependency section */

/* Begin PBXVariantGroup section */
		29A7D607195BBC6C00C3FA40 /* InfoPlist.strings */ = {
			isa = PBXVariantGroup;
			children = (
				29A7D608195BBC6C00C3FA40 /* en */,
			);
			name = InfoPlist.strings;
			sourceTree = "<group>";
		};
		29A7D610195BBC6C00C3FA40 /* Main_iPhone.storyboard */ = {
			isa = PBXVariantGroup;
			children = (
				29A7D611195BBC6C00C3FA40 /* Base */,
			);
			name = Main_iPhone.storyboard;
			sourceTree = "<group>";
		};
		29A7D613195BBC6C00C3FA40 /* Main_iPad.storyboard */ = {
			isa = PBXVariantGroup;
			children = (
				29A7D614195BBC6C00C3FA40 /* Base */,
			);
			name = Main_iPad.storyboard;
			sourceTree = "<group>";
		};
		29A7D629195BBC6C00C3FA40 /* InfoPlist.strings */ = {
			isa = PBXVariantGroup;
			children = (
				29A7D62A195BBC6C00C3FA40 /* en */,
			);
			name = InfoPlist.strings;
			sourceTree = "<group>";
		};
/* End PBXVariantGroup section */

/* Begin XCBuildConfiguration section */
		29A7D62E195BBC6C00C3FA40 /* Debug */ = {
			isa = XCBuildConfiguration;
			buildSettings = {
				ALWAYS_SEARCH_USER_PATHS = NO;
				CLANG_CXX_LANGUAGE_STANDARD = "gnu++0x";
				CLANG_CXX_LIBRARY = "libc++";
				CLANG_ENABLE_MODULES = YES;
				CLANG_ENABLE_OBJC_ARC = YES;
				CLANG_WARN_BOOL_CONVERSION = YES;
				CLANG_WARN_CONSTANT_CONVERSION = YES;
				CLANG_WARN_DIRECT_OBJC_ISA_USAGE = YES_ERROR;
				CLANG_WARN_EMPTY_BODY = YES;
				CLANG_WARN_ENUM_CONVERSION = YES;
				CLANG_WARN_INT_CONVERSION = YES;
				CLANG_WARN_OBJC_ROOT_CLASS = YES_ERROR;
				CLANG_WARN__DUPLICATE_METHOD_MATCH = YES;
				"CODE_SIGN_IDENTITY[sdk=iphoneos*]" = "iPhone Developer";
				COPY_PHASE_STRIP = NO;
				GCC_C_LANGUAGE_STANDARD = gnu99;
				GCC_DYNAMIC_NO_PIC = NO;
				GCC_OPTIMIZATION_LEVEL = 0;
				GCC_PREPROCESSOR_DEFINITIONS = (
					"DEBUG=1",
					"$(inherited)",
				);
				GCC_SYMBOLS_PRIVATE_EXTERN = NO;
				GCC_WARN_64_TO_32_BIT_CONVERSION = YES;
				GCC_WARN_ABOUT_RETURN_TYPE = YES_ERROR;
				GCC_WARN_UNDECLARED_SELECTOR = YES;
				GCC_WARN_UNINITIALIZED_AUTOS = YES_AGGRESSIVE;
				GCC_WARN_UNUSED_FUNCTION = YES;
				GCC_WARN_UNUSED_VARIABLE = YES;
				IPHONEOS_DEPLOYMENT_TARGET = 7.1;
				ONLY_ACTIVE_ARCH = YES;
				SDKROOT = iphoneos;
				TARGETED_DEVICE_FAMILY = "1,2";
			};
			name = Debug;
		};
		29A7D62F195BBC6C00C3FA40 /* Release */ = {
			isa = XCBuildConfiguration;
			buildSettings = {
				ALWAYS_SEARCH_USER_PATHS = NO;
				CLANG_CXX_LANGUAGE_STANDARD = "gnu++0x";
				CLANG_CXX_LIBRARY = "libc++";
				CLANG_ENABLE_MODULES = YES;
				CLANG_ENABLE_OBJC_ARC = YES;
				CLANG_WARN_BOOL_CONVERSION = YES;
				CLANG_WARN_CONSTANT_CONVERSION = YES;
				CLANG_WARN_DIRECT_OBJC_ISA_USAGE = YES_ERROR;
				CLANG_WARN_EMPTY_BODY = YES;
				CLANG_WARN_ENUM_CONVERSION = YES;
				CLANG_WARN_INT_CONVERSION = YES;
				CLANG_WARN_OBJC_ROOT_CLASS = YES_ERROR;
				CLANG_WARN__DUPLICATE_METHOD_MATCH = YES;
				"CODE_SIGN_IDENTITY[sdk=iphoneos*]" = "iPhone Developer";
				COPY_PHASE_STRIP = YES;
				ENABLE_NS_ASSERTIONS = NO;
				GCC_C_LANGUAGE_STANDARD = gnu99;
				GCC_WARN_64_TO_32_BIT_CONVERSION = YES;
				GCC_WARN_ABOUT_RETURN_TYPE = YES_ERROR;
				GCC_WARN_UNDECLARED_SELECTOR = YES;
				GCC_WARN_UNINITIALIZED_AUTOS = YES_AGGRESSIVE;
				GCC_WARN_UNUSED_FUNCTION = YES;
				GCC_WARN_UNUSED_VARIABLE = YES;
				IPHONEOS_DEPLOYMENT_TARGET = 7.1;
				SDKROOT = iphoneos;
				TARGETED_DEVICE_FAMILY = "1,2";
				VALIDATE_PRODUCT = YES;
			};
			name = Release;
		};
		29A7D631195BBC6C00C3FA40 /* Debug */ = {
			isa = XCBuildConfiguration;
			buildSettings = {
				ASSETCATALOG_COMPILER_APPICON_NAME = AppIcon;
				ASSETCATALOG_COMPILER_LAUNCHIMAGE_NAME = LaunchImage;
				GCC_PRECOMPILE_PREFIX_HEADER = YES;
				GCC_PREFIX_HEADER = "IEJB/IEJB-Prefix.pch";
				INFOPLIST_FILE = "IEJB/IEJB-Info.plist";
				PRODUCT_NAME = "$(TARGET_NAME)";
				WRAPPER_EXTENSION = app;
			};
			name = Debug;
		};
		29A7D632195BBC6C00C3FA40 /* Release */ = {
			isa = XCBuildConfiguration;
			buildSettings = {
				ASSETCATALOG_COMPILER_APPICON_NAME = AppIcon;
				ASSETCATALOG_COMPILER_LAUNCHIMAGE_NAME = LaunchImage;
				GCC_PRECOMPILE_PREFIX_HEADER = YES;
				GCC_PREFIX_HEADER = "IEJB/IEJB-Prefix.pch";
				INFOPLIST_FILE = "IEJB/IEJB-Info.plist";
				PRODUCT_NAME = "$(TARGET_NAME)";
				WRAPPER_EXTENSION = app;
			};
			name = Release;
		};
		29A7D634195BBC6C00C3FA40 /* Debug */ = {
			isa = XCBuildConfiguration;
			buildSettings = {
				BUNDLE_LOADER = "$(BUILT_PRODUCTS_DIR)/IEJB.app/IEJB";
				FRAMEWORK_SEARCH_PATHS = (
					"$(SDKROOT)/Developer/Library/Frameworks",
					"$(inherited)",
					"$(DEVELOPER_FRAMEWORKS_DIR)",
				);
				GCC_PRECOMPILE_PREFIX_HEADER = YES;
				GCC_PREFIX_HEADER = "IEJB/IEJB-Prefix.pch";
				GCC_PREPROCESSOR_DEFINITIONS = (
					"DEBUG=1",
					"$(inherited)",
				);
				INFOPLIST_FILE = "IEJBTests/IEJBTests-Info.plist";
				PRODUCT_NAME = "$(TARGET_NAME)";
				TEST_HOST = "$(BUNDLE_LOADER)";
				WRAPPER_EXTENSION = xctest;
			};
			name = Debug;
		};
		29A7D635195BBC6C00C3FA40 /* Release */ = {
			isa = XCBuildConfiguration;
			buildSettings = {
				BUNDLE_LOADER = "$(BUILT_PRODUCTS_DIR)/IEJB.app/IEJB";
				FRAMEWORK_SEARCH_PATHS = (
					"$(SDKROOT)/Developer/Library/Frameworks",
					"$(inherited)",
					"$(DEVELOPER_FRAMEWORKS_DIR)",
				);
				GCC_PRECOMPILE_PREFIX_HEADER = YES;
				GCC_PREFIX_HEADER = "IEJB/IEJB-Prefix.pch";
				INFOPLIST_FILE = "IEJBTests/IEJBTests-Info.plist";
				PRODUCT_NAME = "$(TARGET_NAME)";
				TEST_HOST = "$(BUNDLE_LOADER)";
				WRAPPER_EXTENSION = xctest;
			};
			name = Release;
		};
/* End XCBuildConfiguration section */

/* Begin XCConfigurationList section */
		29A7D5F6195BBC6B00C3FA40 /* Build configuration list for PBXProject "IEJB" */ = {
			isa = XCConfigurationList;
			buildConfigurations = (
				29A7D62E195BBC6C00C3FA40 /* Debug */,
				29A7D62F195BBC6C00C3FA40 /* Release */,
			);
			defaultConfigurationIsVisible = 0;
			defaultConfigurationName = Release;
		};
		29A7D630195BBC6C00C3FA40 /* Build configuration list for PBXNativeTarget "IEJB" */ = {
			isa = XCConfigurationList;
			buildConfigurations = (
				29A7D631195BBC6C00C3FA40 /* Debug */,
				29A7D632195BBC6C00C3FA40 /* Release */,
			);
			defaultConfigurationIsVisible = 0;
			defaultConfigurationName = Release;
		};
		29A7D633195BBC6C00C3FA40 /* Build configuration list for PBXNativeTarget "IEJBTests" */ = {
			isa = XCConfigurationList;
			buildConfigurations = (
				29A7D634195BBC6C00C3FA40 /* Debug */,
				29A7D635195BBC6C00C3FA40 /* Release */,
			);
			defaultConfigurationIsVisible = 0;
			defaultConfigurationName = Release;
		};
/* End XCConfigurationList section */
	};
	rootObject = 29A7D5F3195BBC6B00C3FA40 /* Project object */;
}
